// !$*UTF8*$!
{
	archiveVersion = 1;
	classes = {
	};
	objectVersion = 48;
	objects = {

/* Begin PBXBuildFile section */
		AF82F2B41F94B6560043A874 /* AppDelegate.swift in Sources */ = {isa = PBXBuildFile; fileRef = AF82F2B31F94B6560043A874 /* AppDelegate.swift */; };
		AF82F2B61F94B6560043A874 /* ViewController.swift in Sources */ = {isa = PBXBuildFile; fileRef = AF82F2B51F94B6560043A874 /* ViewController.swift */; };
		AF82F2B91F94B6560043A874 /* Main.storyboard in Resources */ = {isa = PBXBuildFile; fileRef = AF82F2B71F94B6560043A874 /* Main.storyboard */; };
		AF82F2BB1F94B6560043A874 /* Assets.xcassets in Resources */ = {isa = PBXBuildFile; fileRef = AF82F2BA1F94B6560043A874 /* Assets.xcassets */; };
		AF82F2BE1F94B6560043A874 /* LaunchScreen.storyboard in Resources */ = {isa = PBXBuildFile; fileRef = AF82F2BC1F94B6560043A874 /* LaunchScreen.storyboard */; };
		AF82F2C61F94BA2D0043A874 /* UIColorPalette.swift in Sources */ = {isa = PBXBuildFile; fileRef = AF82F2C51F94BA2D0043A874 /* UIColorPalette.swift */; };
		FC51EB8810AA64732923BA5B /* Pods_SNSLogin.framework in Frameworks */ = {isa = PBXBuildFile; fileRef = 886801833F088FBB7D19752F /* Pods_SNSLogin.framework */; };
/* End PBXBuildFile section */

/* Begin PBXFileReference section */
		3CE7818F22219782D379D2B7 /* Pods-SNSLogin.debug.xcconfig */ = {isa = PBXFileReference; includeInIndex = 1; lastKnownFileType = text.xcconfig; name = "Pods-SNSLogin.debug.xcconfig"; path = "Pods/Target Support Files/Pods-SNSLogin/Pods-SNSLogin.debug.xcconfig"; sourceTree = "<group>"; };
		886801833F088FBB7D19752F /* Pods_SNSLogin.framework */ = {isa = PBXFileReference; explicitFileType = wrapper.framework; includeInIndex = 0; path = Pods_SNSLogin.framework; sourceTree = BUILT_PRODUCTS_DIR; };
		AF82F2B01F94B6560043A874 /* SNSLogin.app */ = {isa = PBXFileReference; explicitFileType = wrapper.application; includeInIndex = 0; path = SNSLogin.app; sourceTree = BUILT_PRODUCTS_DIR; };
		AF82F2B31F94B6560043A874 /* AppDelegate.swift */ = {isa = PBXFileReference; lastKnownFileType = sourcecode.swift; path = AppDelegate.swift; sourceTree = "<group>"; };
		AF82F2B51F94B6560043A874 /* ViewController.swift */ = {isa = PBXFileReference; lastKnownFileType = sourcecode.swift; path = ViewController.swift; sourceTree = "<group>"; };
		AF82F2B81F94B6560043A874 /* Base */ = {isa = PBXFileReference; lastKnownFileType = file.storyboard; name = Base; path = Base.lproj/Main.storyboard; sourceTree = "<group>"; };
		AF82F2BA1F94B6560043A874 /* Assets.xcassets */ = {isa = PBXFileReference; lastKnownFileType = folder.assetcatalog; path = Assets.xcassets; sourceTree = "<group>"; };
		AF82F2BD1F94B6560043A874 /* Base */ = {isa = PBXFileReference; lastKnownFileType = file.storyboard; name = Base; path = Base.lproj/LaunchScreen.storyboard; sourceTree = "<group>"; };
		AF82F2BF1F94B6560043A874 /* Info.plist */ = {isa = PBXFileReference; lastKnownFileType = text.plist.xml; path = Info.plist; sourceTree = "<group>"; };
		AF82F2C51F94BA2D0043A874 /* UIColorPalette.swift */ = {isa = PBXFileReference; lastKnownFileType = sourcecode.swift; path = UIColorPalette.swift; sourceTree = "<group>"; };
		AFC96A4E1F962046003A4723 /* CoreTelephony.framework */ = {isa = PBXFileReference; lastKnownFileType = wrapper.framework; name = CoreTelephony.framework; path = System/Library/Frameworks/CoreTelephony.framework; sourceTree = SDKROOT; };
		AFC96A4F1F96204E003A4723 /* Security.framework */ = {isa = PBXFileReference; lastKnownFileType = wrapper.framework; name = Security.framework; path = System/Library/Frameworks/Security.framework; sourceTree = SDKROOT; };
		AFC96A501F962086003A4723 /* SNSLogin.entitlements */ = {isa = PBXFileReference; lastKnownFileType = text.plist.entitlements; path = SNSLogin.entitlements; sourceTree = "<group>"; };
		F8D1B2840D837FDA65BFCEAC /* Pods-SNSLogin.release.xcconfig */ = {isa = PBXFileReference; includeInIndex = 1; lastKnownFileType = text.xcconfig; name = "Pods-SNSLogin.release.xcconfig"; path = "Pods/Target Support Files/Pods-SNSLogin/Pods-SNSLogin.release.xcconfig"; sourceTree = "<group>"; };
/* End PBXFileReference section */

/* Begin PBXFrameworksBuildPhase section */
		AF82F2AD1F94B6560043A874 /* Frameworks */ = {
			isa = PBXFrameworksBuildPhase;
			buildActionMask = 2147483647;
			files = (
				FC51EB8810AA64732923BA5B /* Pods_SNSLogin.framework in Frameworks */,
			);
			runOnlyForDeploymentPostprocessing = 0;
		};
/* End PBXFrameworksBuildPhase section */

/* Begin PBXGroup section */
		4F97C578D58234008932851F /* Frameworks */ = {
			isa = PBXGroup;
			children = (
				AFC96A4F1F96204E003A4723 /* Security.framework */,
				AFC96A4E1F962046003A4723 /* CoreTelephony.framework */,
				886801833F088FBB7D19752F /* Pods_SNSLogin.framework */,
			);
			name = Frameworks;
			sourceTree = "<group>";
		};
		AF82F2A71F94B6560043A874 = {
			isa = PBXGroup;
			children = (
				AF82F2B21F94B6560043A874 /* SNSLogin */,
				AF82F2B11F94B6560043A874 /* Products */,
				C37E7111108125D8618F0455 /* Pods */,
				4F97C578D58234008932851F /* Frameworks */,
			);
			sourceTree = "<group>";
		};
		AF82F2B11F94B6560043A874 /* Products */ = {
			isa = PBXGroup;
			children = (
				AF82F2B01F94B6560043A874 /* SNSLogin.app */,
			);
			name = Products;
			sourceTree = "<group>";
		};
		AF82F2B21F94B6560043A874 /* SNSLogin */ = {
			isa = PBXGroup;
			children = (
				AFC96A501F962086003A4723 /* SNSLogin.entitlements */,
				AF82F2B31F94B6560043A874 /* AppDelegate.swift */,
				AF82F2B51F94B6560043A874 /* ViewController.swift */,
				AF82F2B71F94B6560043A874 /* Main.storyboard */,
				AF82F2BA1F94B6560043A874 /* Assets.xcassets */,
				AF82F2BC1F94B6560043A874 /* LaunchScreen.storyboard */,
				AF82F2BF1F94B6560043A874 /* Info.plist */,
				AF82F2C51F94BA2D0043A874 /* UIColorPalette.swift */,
			);
			path = SNSLogin;
			sourceTree = "<group>";
		};
		C37E7111108125D8618F0455 /* Pods */ = {
			isa = PBXGroup;
			children = (
				3CE7818F22219782D379D2B7 /* Pods-SNSLogin.debug.xcconfig */,
				F8D1B2840D837FDA65BFCEAC /* Pods-SNSLogin.release.xcconfig */,
			);
			name = Pods;
			sourceTree = "<group>";
		};
/* End PBXGroup section */

/* Begin PBXNativeTarget section */
		AF82F2AF1F94B6560043A874 /* SNSLogin */ = {
			isa = PBXNativeTarget;
			buildConfigurationList = AF82F2C21F94B6560043A874 /* Build configuration list for PBXNativeTarget "SNSLogin" */;
			buildPhases = (
				6AAC6CDA2EFC38A91CC76B7F /* [CP] Check Pods Manifest.lock */,
				AF82F2AC1F94B6560043A874 /* Sources */,
				AF82F2AD1F94B6560043A874 /* Frameworks */,
				AF82F2AE1F94B6560043A874 /* Resources */,
				B9C774C77F190390BACF0CBB /* [CP] Embed Pods Frameworks */,
				717EF59E65B3D186B5E62B74 /* [CP] Copy Pods Resources */,
			);
			buildRules = (
			);
			dependencies = (
			);
			name = SNSLogin;
			productName = SNSLogin;
			productReference = AF82F2B01F94B6560043A874 /* SNSLogin.app */;
			productType = "com.apple.product-type.application";
		};
/* End PBXNativeTarget section */

/* Begin PBXProject section */
		AF82F2A81F94B6560043A874 /* Project object */ = {
			isa = PBXProject;
			attributes = {
				LastSwiftUpdateCheck = 0900;
				LastUpgradeCheck = 0900;
				ORGANIZATIONNAME = TakuyaMano;
				TargetAttributes = {
					AF82F2AF1F94B6560043A874 = {
						CreatedOnToolsVersion = 9.0;
						ProvisioningStyle = Manual;
						SystemCapabilities = {
							com.apple.Keychain = {
								enabled = 1;
							};
						};
					};
				};
			};
			buildConfigurationList = AF82F2AB1F94B6560043A874 /* Build configuration list for PBXProject "SNSLogin" */;
			compatibilityVersion = "Xcode 8.0";
			developmentRegion = en;
			hasScannedForEncodings = 0;
			knownRegions = (
				en,
				Base,
			);
			mainGroup = AF82F2A71F94B6560043A874;
			productRefGroup = AF82F2B11F94B6560043A874 /* Products */;
			projectDirPath = "";
			projectRoot = "";
			targets = (
				AF82F2AF1F94B6560043A874 /* SNSLogin */,
			);
		};
/* End PBXProject section */

/* Begin PBXResourcesBuildPhase section */
		AF82F2AE1F94B6560043A874 /* Resources */ = {
			isa = PBXResourcesBuildPhase;
			buildActionMask = 2147483647;
			files = (
				AF82F2BE1F94B6560043A874 /* LaunchScreen.storyboard in Resources */,
				AF82F2BB1F94B6560043A874 /* Assets.xcassets in Resources */,
				AF82F2B91F94B6560043A874 /* Main.storyboard in Resources */,
			);
			runOnlyForDeploymentPostprocessing = 0;
		};
/* End PBXResourcesBuildPhase section */

/* Begin PBXShellScriptBuildPhase section */
		6AAC6CDA2EFC38A91CC76B7F /* [CP] Check Pods Manifest.lock */ = {
			isa = PBXShellScriptBuildPhase;
			buildActionMask = 2147483647;
			files = (
			);
			inputPaths = (
				"${PODS_PODFILE_DIR_PATH}/Podfile.lock",
				"${PODS_ROOT}/Manifest.lock",
			);
			name = "[CP] Check Pods Manifest.lock";
			outputPaths = (
				"$(DERIVED_FILE_DIR)/Pods-SNSLogin-checkManifestLockResult.txt",
			);
			runOnlyForDeploymentPostprocessing = 0;
			shellPath = /bin/sh;
			shellScript = "diff \"${PODS_PODFILE_DIR_PATH}/Podfile.lock\" \"${PODS_ROOT}/Manifest.lock\" > /dev/null\nif [ $? != 0 ] ; then\n    # print error to STDERR\n    echo \"error: The sandbox is not in sync with the Podfile.lock. Run 'pod install' or update your CocoaPods installation.\" >&2\n    exit 1\nfi\n# This output is used by Xcode 'outputs' to avoid re-running this script phase.\necho \"SUCCESS\" > \"${SCRIPT_OUTPUT_FILE_0}\"\n";
			showEnvVarsInLog = 0;
		};
		717EF59E65B3D186B5E62B74 /* [CP] Copy Pods Resources */ = {
			isa = PBXShellScriptBuildPhase;
			buildActionMask = 2147483647;
			files = (
			);
			inputPaths = (
				"${SRCROOT}/Pods/Target Support Files/Pods-SNSLogin/Pods-SNSLogin-resources.sh",
				"${PODS_ROOT}/TwitterKit/iOS/TwitterKit.framework/TwitterKitResources.bundle",
				"${PODS_ROOT}/TwitterKit/iOS/TwitterKit.framework/TwitterShareExtensionUIResources.bundle",
			);
			name = "[CP] Copy Pods Resources";
			outputPaths = (
				"${TARGET_BUILD_DIR}/${UNLOCALIZED_RESOURCES_FOLDER_PATH}",
			);
			runOnlyForDeploymentPostprocessing = 0;
			shellPath = /bin/sh;
			shellScript = "\"${SRCROOT}/Pods/Target Support Files/Pods-SNSLogin/Pods-SNSLogin-resources.sh\"\n";
			showEnvVarsInLog = 0;
		};
		B9C774C77F190390BACF0CBB /* [CP] Embed Pods Frameworks */ = {
			isa = PBXShellScriptBuildPhase;
			buildActionMask = 2147483647;
			files = (
			);
			inputPaths = (
				"${SRCROOT}/Pods/Target Support Files/Pods-SNSLogin/Pods-SNSLogin-frameworks.sh",
				"${BUILT_PRODUCTS_DIR}/Bolts/Bolts.framework",
				"${BUILT_PRODUCTS_DIR}/FBSDKCoreKit/FBSDKCoreKit.framework",
				"${BUILT_PRODUCTS_DIR}/FBSDKLoginKit/FBSDKLoginKit.framework",
				"${BUILT_PRODUCTS_DIR}/FacebookCore/FacebookCore.framework",
				"${BUILT_PRODUCTS_DIR}/FacebookLogin/FacebookLogin.framework",
			);
			name = "[CP] Embed Pods Frameworks";
			outputPaths = (
				"${TARGET_BUILD_DIR}/${FRAMEWORKS_FOLDER_PATH}/Bolts.framework",
				"${TARGET_BUILD_DIR}/${FRAMEWORKS_FOLDER_PATH}/FBSDKCoreKit.framework",
				"${TARGET_BUILD_DIR}/${FRAMEWORKS_FOLDER_PATH}/FBSDKLoginKit.framework",
				"${TARGET_BUILD_DIR}/${FRAMEWORKS_FOLDER_PATH}/FacebookCore.framework",
				"${TARGET_BUILD_DIR}/${FRAMEWORKS_FOLDER_PATH}/FacebookLogin.framework",
			);
			runOnlyForDeploymentPostprocessing = 0;
			shellPath = /bin/sh;
			shellScript = "\"${SRCROOT}/Pods/Target Support Files/Pods-SNSLogin/Pods-SNSLogin-frameworks.sh\"\n";
			showEnvVarsInLog = 0;
		};
/* End PBXShellScriptBuildPhase section */

/* Begin PBXSourcesBuildPhase section */
		AF82F2AC1F94B6560043A874 /* Sources */ = {
			isa = PBXSourcesBuildPhase;
			buildActionMask = 2147483647;
			files = (
				AF82F2C61F94BA2D0043A874 /* UIColorPalette.swift in Sources */,
				AF82F2B61F94B6560043A874 /* ViewController.swift in Sources */,
				AF82F2B41F94B6560043A874 /* AppDelegate.swift in Sources */,
			);
			runOnlyForDeploymentPostprocessing = 0;
		};
/* End PBXSourcesBuildPhase section */

/* Begin PBXVariantGroup section */
		AF82F2B71F94B6560043A874 /* Main.storyboard */ = {
			isa = PBXVariantGroup;
			children = (
				AF82F2B81F94B6560043A874 /* Base */,
			);
			name = Main.storyboard;
			sourceTree = "<group>";
		};
		AF82F2BC1F94B6560043A874 /* LaunchScreen.storyboard */ = {
			isa = PBXVariantGroup;
			children = (
				AF82F2BD1F94B6560043A874 /* Base */,
			);
			name = LaunchScreen.storyboard;
			sourceTree = "<group>";
		};
/* End PBXVariantGroup section */

/* Begin XCBuildConfiguration section */
		AF82F2C01F94B6560043A874 /* Debug */ = {
			isa = XCBuildConfiguration;
			buildSettings = {
				ALWAYS_SEARCH_USER_PATHS = NO;
				CLANG_ANALYZER_NONNULL = YES;
				CLANG_ANALYZER_NUMBER_OBJECT_CONVERSION = YES_AGGRESSIVE;
				CLANG_CXX_LANGUAGE_STANDARD = "gnu++14";
				CLANG_CXX_LIBRARY = "libc++";
				CLANG_ENABLE_MODULES = YES;
				CLANG_ENABLE_OBJC_ARC = YES;
				CLANG_WARN_BLOCK_CAPTURE_AUTORELEASING = YES;
				CLANG_WARN_BOOL_CONVERSION = YES;
				CLANG_WARN_COMMA = YES;
				CLANG_WARN_CONSTANT_CONVERSION = YES;
				CLANG_WARN_DIRECT_OBJC_ISA_USAGE = YES_ERROR;
				CLANG_WARN_DOCUMENTATION_COMMENTS = YES;
				CLANG_WARN_EMPTY_BODY = YES;
				CLANG_WARN_ENUM_CONVERSION = YES;
				CLANG_WARN_INFINITE_RECURSION = YES;
				CLANG_WARN_INT_CONVERSION = YES;
				CLANG_WARN_NON_LITERAL_NULL_CONVERSION = YES;
				CLANG_WARN_OBJC_LITERAL_CONVERSION = YES;
				CLANG_WARN_OBJC_ROOT_CLASS = YES_ERROR;
				CLANG_WARN_RANGE_LOOP_ANALYSIS = YES;
				CLANG_WARN_STRICT_PROTOTYPES = YES;
				CLANG_WARN_SUSPICIOUS_MOVE = YES;
				CLANG_WARN_UNGUARDED_AVAILABILITY = YES_AGGRESSIVE;
				CLANG_WARN_UNREACHABLE_CODE = YES;
				CLANG_WARN__DUPLICATE_METHOD_MATCH = YES;
				CODE_SIGN_IDENTITY = "iPhone Developer";
				COPY_PHASE_STRIP = NO;
				DEBUG_INFORMATION_FORMAT = dwarf;
				ENABLE_STRICT_OBJC_MSGSEND = YES;
				ENABLE_TESTABILITY = YES;
				GCC_C_LANGUAGE_STANDARD = gnu11;
				GCC_DYNAMIC_NO_PIC = NO;
				GCC_NO_COMMON_BLOCKS = YES;
				GCC_OPTIMIZATION_LEVEL = 0;
				GCC_PREPROCESSOR_DEFINITIONS = (
					"DEBUG=1",
					"$(inherited)",
				);
				GCC_WARN_64_TO_32_BIT_CONVERSION = YES;
				GCC_WARN_ABOUT_RETURN_TYPE = YES_ERROR;
				GCC_WARN_UNDECLARED_SELECTOR = YES;
				GCC_WARN_UNINITIALIZED_AUTOS = YES_AGGRESSIVE;
				GCC_WARN_UNUSED_FUNCTION = YES;
				GCC_WARN_UNUSED_VARIABLE = YES;
				IPHONEOS_DEPLOYMENT_TARGET = 10.0;
				MTL_ENABLE_DEBUG_INFO = YES;
				ONLY_ACTIVE_ARCH = YES;
				SDKROOT = iphoneos;
				SWIFT_ACTIVE_COMPILATION_CONDITIONS = DEBUG;
				SWIFT_OPTIMIZATION_LEVEL = "-Onone";
			};
			name = Debug;
		};
		AF82F2C11F94B6560043A874 /* Release */ = {
			isa = XCBuildConfiguration;
			buildSettings = {
				ALWAYS_SEARCH_USER_PATHS = NO;
				CLANG_ANALYZER_NONNULL = YES;
				CLANG_ANALYZER_NUMBER_OBJECT_CONVERSION = YES_AGGRESSIVE;
				CLANG_CXX_LANGUAGE_STANDARD = "gnu++14";
				CLANG_CXX_LIBRARY = "libc++";
				CLANG_ENABLE_MODULES = YES;
				CLANG_ENABLE_OBJC_ARC = YES;
				CLANG_WARN_BLOCK_CAPTURE_AUTORELEASING = YES;
				CLANG_WARN_BOOL_CONVERSION = YES;
				CLANG_WARN_COMMA = YES;
				CLANG_WARN_CONSTANT_CONVERSION = YES;
				CLANG_WARN_DIRECT_OBJC_ISA_USAGE = YES_ERROR;
				CLANG_WARN_DOCUMENTATION_COMMENTS = YES;
				CLANG_WARN_EMPTY_BODY = YES;
				CLANG_WARN_ENUM_CONVERSION = YES;
				CLANG_WARN_INFINITE_RECURSION = YES;
				CLANG_WARN_INT_CONVERSION = YES;
				CLANG_WARN_NON_LITERAL_NULL_CONVERSION = YES;
				CLANG_WARN_OBJC_LITERAL_CONVERSION = YES;
				CLANG_WARN_OBJC_ROOT_CLASS = YES_ERROR;
				CLANG_WARN_RANGE_LOOP_ANALYSIS = YES;
				CLANG_WARN_STRICT_PROTOTYPES = YES;
				CLANG_WARN_SUSPICIOUS_MOVE = YES;
				CLANG_WARN_UNGUARDED_AVAILABILITY = YES_AGGRESSIVE;
				CLANG_WARN_UNREACHABLE_CODE = YES;
				CLANG_WARN__DUPLICATE_METHOD_MATCH = YES;
				CODE_SIGN_IDENTITY = "iPhone Developer";
				COPY_PHASE_STRIP = NO;
				DEBUG_INFORMATION_FORMAT = "dwarf-with-dsym";
				ENABLE_NS_ASSERTIONS = NO;
				ENABLE_STRICT_OBJC_MSGSEND = YES;
				GCC_C_LANGUAGE_STANDARD = gnu11;
				GCC_NO_COMMON_BLOCKS = YES;
				GCC_WARN_64_TO_32_BIT_CONVERSION = YES;
				GCC_WARN_ABOUT_RETURN_TYPE = YES_ERROR;
				GCC_WARN_UNDECLARED_SELECTOR = YES;
				GCC_WARN_UNINITIALIZED_AUTOS = YES_AGGRESSIVE;
				GCC_WARN_UNUSED_FUNCTION = YES;
				GCC_WARN_UNUSED_VARIABLE = YES;
				IPHONEOS_DEPLOYMENT_TARGET = 10.0;
				MTL_ENABLE_DEBUG_INFO = NO;
				SDKROOT = iphoneos;
				SWIFT_OPTIMIZATION_LEVEL = "-Owholemodule";
				VALIDATE_PRODUCT = YES;
			};
			name = Release;
		};
		AF82F2C31F94B6560043A874 /* Debug */ = {
			isa = XCBuildConfiguration;
			baseConfigurationReference = 3CE7818F22219782D379D2B7 /* Pods-SNSLogin.debug.xcconfig */;
			buildSettings = {
				ASSETCATALOG_COMPILER_APPICON_NAME = AppIcon;
				CODE_SIGN_ENTITLEMENTS = SNSLogin/SNSLogin.entitlements;
				"CODE_SIGN_IDENTITY[sdk=iphoneos*]" = "iPhone Distribution";
				CODE_SIGN_STYLE = Manual;
				DEVELOPMENT_TEAM = QYXGDK92BA;
				INFOPLIST_FILE = SNSLogin/Info.plist;
				LD_RUNPATH_SEARCH_PATHS = "$(inherited) @executable_path/Frameworks";
				PRODUCT_BUNDLE_IDENTIFIER = dev.netnative;
				PRODUCT_NAME = "$(TARGET_NAME)";
				PROVISIONING_PROFILE = "a5d3cba0-a2c6-48a2-8fff-d6545057f513";
				PROVISIONING_PROFILE_SPECIFIER = "dev adhoc";
				SWIFT_VERSION = 4.0;
				TARGETED_DEVICE_FAMILY = "1,2";
			};
			name = Debug;
		};
		AF82F2C41F94B6560043A874 /* Release */ = {
			isa = XCBuildConfiguration;
			baseConfigurationReference = F8D1B2840D837FDA65BFCEAC /* Pods-SNSLogin.release.xcconfig */;
			buildSettings = {
				ASSETCATALOG_COMPILER_APPICON_NAME = AppIcon;
				CODE_SIGN_ENTITLEMENTS = SNSLogin/SNSLogin.entitlements;
				"CODE_SIGN_IDENTITY[sdk=iphoneos*]" = "iPhone Distribution";
				CODE_SIGN_STYLE = Manual;
				DEVELOPMENT_TEAM = QYXGDK92BA;
				INFOPLIST_FILE = SNSLogin/Info.plist;
				LD_RUNPATH_SEARCH_PATHS = "$(inherited) @executable_path/Frameworks";
				PRODUCT_BUNDLE_IDENTIFIER = dev.netnative;
				PRODUCT_NAME = "$(TARGET_NAME)";
				PROVISIONING_PROFILE = "a5d3cba0-a2c6-48a2-8fff-d6545057f513";
				PROVISIONING_PROFILE_SPECIFIER = "dev adhoc";
				SWIFT_VERSION = 4.0;
				TARGETED_DEVICE_FAMILY = "1,2";
			};
			name = Release;
		};
/* End XCBuildConfiguration section */

/* Begin XCConfigurationList section */
		AF82F2AB1F94B6560043A874 /* Build configuration list for PBXProject "SNSLogin" */ = {
			isa = XCConfigurationList;
			buildConfigurations = (
				AF82F2C01F94B6560043A874 /* Debug */,
				AF82F2C11F94B6560043A874 /* Release */,
			);
			defaultConfigurationIsVisible = 0;
			defaultConfigurationName = Release;
		};
		AF82F2C21F94B6560043A874 /* Build configuration list for PBXNativeTarget "SNSLogin" */ = {
			isa = XCConfigurationList;
			buildConfigurations = (
				AF82F2C31F94B6560043A874 /* Debug */,
				AF82F2C41F94B6560043A874 /* Release */,
			);
			defaultConfigurationIsVisible = 0;
			defaultConfigurationName = Release;
		};
/* End XCConfigurationList section */
	};
	rootObject = AF82F2A81F94B6560043A874 /* Project object */;
}
